{
  "name": "gatsby-plugin-minify-classnames",
  "version": "0.1.0",
  "lockfileVersion": 1,
  "requires": true,
  "dependencies": {
    "incstr": {
      "version": "1.2.3",
      "resolved": "https://registry.npmjs.org/incstr/-/incstr-1.2.3.tgz",
      "integrity": "sha512-ySi29Lzdc3QnB1LzZgRf5kl59m5tPucNagrAyJJ9rWz4+Pa6IxAHSNyUHYvEvaj6QPwWAY2/thi3Rxt45qi3HQ=="
    }
  }
}
